
Microsoft Visual Studio Solution File, Format Version 12.00
# Visual Studio 15
VisualStudioVersion = 15.0.26206.0
MinimumVisualStudioVersion = 10.0.40219.1
Project("{FAE04EC0-301F-11D3-BF4B-00C04F79EFBC}") = "DiceBotConsole", "DiceBotConsole\DiceBotConsole.csproj", "{5F26516D-D197-4A47-B49F-1EDB72410989}"
EndProject
Global
	GlobalSection(SolutionConfigurationPlatforms) = preSolution
		Debug|Any CPU = Debug|Any CPU
		Release|Any CPU = Release|Any CPU
	EndGlobalSection
	GlobalSection(ProjectConfigurationPlatforms) = postSolution
		{5F26516D-D197-4A47-B49F-1EDB72410989}.Debug|Any CPU.ActiveCfg = Debug|Any CPU
		{5F26516D-D197-4A47-B49F-1EDB72410989}.Debug|Any CPU.Build.0 = Debug|Any CPU
		{5F26516D-D197-4A47-B49F-1EDB72410989}.Release|Any CPU.ActiveCfg = Release|Any CPU
		{5F26516D-D197-4A47-B49F-1EDB72410989}.Release|Any CPU.Build.0 = Release|Any CPU
	EndGlobalSection
	GlobalSection(SolutionProperties) = preSolution
		HideSolutionNode = FALSE
	EndGlobalSection
EndGlobal
